
Microsoft Visual Studio Solution File, Format Version 12.00
# Visual Studio Version 17
VisualStudioVersion = 17.7.34031.279
MinimumVisualStudioVersion = 10.0.40219.1
Project("{9A19103F-16F7-4668-BE54-9A1E7A4F7556}") = "TheVessel", "src\TheVessel.csproj", "{8EF0CF44-8584-4D80-A299-C747CE654031}"
EndProject
Global
	GlobalSection(SolutionConfigurationPlatforms) = preSolution
		Debug|Any CPU = Debug|Any CPU
		Release|Any CPU = Release|Any CPU
	EndGlobalSection
	GlobalSection(ProjectConfigurationPlatforms) = postSolution
		{8EF0CF44-8584-4D80-A299-C747CE654031}.Debug|Any CPU.ActiveCfg = Debug|Any CPU
		{8EF0CF44-8584-4D80-A299-C747CE654031}.Debug|Any CPU.Build.0 = Debug|Any CPU
		{8EF0CF44-8584-4D80-A299-C747CE654031}.Release|Any CPU.ActiveCfg = Release|Any CPU
		{8EF0CF44-8584-4D80-A299-C747CE654031}.Release|Any CPU.Build.0 = Release|Any CPU
	EndGlobalSection
	GlobalSection(SolutionProperties) = preSolution
		HideSolutionNode = FALSE
	EndGlobalSection
	GlobalSection(ExtensibilityGlobals) = postSolution
		SolutionGuid = {69F0A6DE-8523-4EB0-BD41-B5091B532841}
	EndGlobalSection
EndGlobal
